{
  "name": "codekit-project",
  "version": "1.0.0",
  "lockfileVersion": 1,
  "requires": true,
  "dependencies": {
    "lazysizes": {
      "version": "5.2.0-beta1",
      "resolved": "https://registry.npmjs.org/lazysizes/-/lazysizes-5.2.0-beta1.tgz",
      "integrity": "sha512-HH3gr5FhtO9PmVnwPWkBzR51ZMrFfVndUNNSyBcR6OMnO0vt6OaQXJmq/ZikHUTVqQg+w2+Bj8mLpHZ71HTftg=="
    },
    "tachyons-custom": {
      "version": "4.9.8",
      "resolved": "https://registry.npmjs.org/tachyons-custom/-/tachyons-custom-4.9.8.tgz",
      "integrity": "sha512-MVnslsN5dFswmh2+Sw+OOA4/6pQfnJrA8/wrtaf+Px347wze3MIk3lp3Q3QmbUPqrJda79s0dZtY3dgTwVHdfg=="
    },
    "tachyons-sass": {
      "version": "4.9.5",
      "resolved": "https://registry.npmjs.org/tachyons-sass/-/tachyons-sass-4.9.5.tgz",
      "integrity": "sha512-GPPUIoM+8OkaHF7Ii8+AE5AQzVekfrRnGv55oXYTspXw8BMThmiXr/HrCUmYGiuSnBG73T0862tvzqLGP8B/Mg==",
      "requires": {
        "tachyons-custom": "^4.9.5"
      }
    }
  }
}
